
Microsoft Visual Studio Solution File, Format Version 12.00
# Visual Studio Version 17
VisualStudioVersion = 17.6.33815.320
MinimumVisualStudioVersion = 10.0.40219.1
Project("{9A19103F-16F7-4668-BE54-9A1E7A4F7556}") = "DatabaseConnection", "DatabaseConnection.csproj", "{F143D6F9-1FD0-4F1C-A87E-59B78C70F7F9}"
EndProject
Project("{9A19103F-16F7-4668-BE54-9A1E7A4F7556}") = "DBConnectionServices", "..\DBConnectionServices\DBConnectionServices.csproj", "{488B9B96-4C51-416B-A2C2-72873941BC0B}"
EndProject
Project("{FAE04EC0-301F-11D3-BF4B-00C04F79EFBC}") = "BusinessLogicServices", "..\BusinessLogicServices\BusinessLogicServices.csproj", "{F775A849-A05A-48D7-8755-01B103D6D927}"
EndProject
Global
	GlobalSection(SolutionConfigurationPlatforms) = preSolution
		Debug|Any CPU = Debug|Any CPU
		Release|Any CPU = Release|Any CPU
	EndGlobalSection
	GlobalSection(ProjectConfigurationPlatforms) = postSolution
		{F143D6F9-1FD0-4F1C-A87E-59B78C70F7F9}.Debug|Any CPU.ActiveCfg = Debug|Any CPU
		{F143D6F9-1FD0-4F1C-A87E-59B78C70F7F9}.Debug|Any CPU.Build.0 = Debug|Any CPU
		{F143D6F9-1FD0-4F1C-A87E-59B78C70F7F9}.Release|Any CPU.ActiveCfg = Release|Any CPU
		{F143D6F9-1FD0-4F1C-A87E-59B78C70F7F9}.Release|Any CPU.Build.0 = Release|Any CPU
		{488B9B96-4C51-416B-A2C2-72873941BC0B}.Debug|Any CPU.ActiveCfg = Debug|Any CPU
		{488B9B96-4C51-416B-A2C2-72873941BC0B}.Debug|Any CPU.Build.0 = Debug|Any CPU
		{488B9B96-4C51-416B-A2C2-72873941BC0B}.Release|Any CPU.ActiveCfg = Release|Any CPU
		{488B9B96-4C51-416B-A2C2-72873941BC0B}.Release|Any CPU.Build.0 = Release|Any CPU
		{F775A849-A05A-48D7-8755-01B103D6D927}.Debug|Any CPU.ActiveCfg = Debug|Any CPU
		{F775A849-A05A-48D7-8755-01B103D6D927}.Debug|Any CPU.Build.0 = Debug|Any CPU
		{F775A849-A05A-48D7-8755-01B103D6D927}.Release|Any CPU.ActiveCfg = Release|Any CPU
		{F775A849-A05A-48D7-8755-01B103D6D927}.Release|Any CPU.Build.0 = Release|Any CPU
	EndGlobalSection
	GlobalSection(SolutionProperties) = preSolution
		HideSolutionNode = FALSE
	EndGlobalSection
	GlobalSection(ExtensibilityGlobals) = postSolution
		SolutionGuid = {FEA75FAF-D8D4-49FC-AAAE-C37BA7DE1A7F}
	EndGlobalSection
EndGlobal
